# This file was autogenerated by Stack.
# You should not edit this file by hand.
# For more information, please see the documentation at:
#   https://docs.haskellstack.org/en/stable/lock_files

packages:
- completed:
    hackage: BNFC-2.8.2@sha256:dae284c327ed39c28722479081c0bd4a686e0d2bd1dff790b350b8a1742f4036,10698
    pantry-tree:
      size: 9905
      sha256: 92f148f8022567fd35fa6250a55adda960d1dfd48d83564ba4e54f7d0ca97df3
  original:
    hackage: BNFC-2.8.2
- completed:
    hackage: para-1.1@sha256:a90eebb063ad70271e6e2a7f00a93e8e8f8b77273f100f39852fbf8301926f81,744
    pantry-tree:
      size: 208
      sha256: 41c48d305b6b07c1ffca27f2c4cd241763310a8ca33f4bc2ae19a7fc20321977
  original:
    hackage: para-1.1
- completed:
    hackage: shelly-1.8.1@sha256:e043ee55fb6d1cd060c28bd0b2a127b8284770ba622b5b9c397ef27340052e33,5206
    pantry-tree:
      size: 2314
      sha256: 31ec7cb98db424c23d7c2cf9caa80c1246d8bdc75e3c07e40131fb8e61b55c8a
  original:
    hackage: shelly-1.8.1
snapshots:
- completed:
    size: 545658
    url: https://raw.githubusercontent.com/commercialhaskell/stackage-snapshots/master/lts/14/12.yaml
    sha256: 26b807457213126d26b595439d705dc824dbb7618b0de6b900adc2bf6a059406
  original: lts-14.12
